
Microsoft Visual Studio Solution File, Format Version 12.00
# Visual Studio Version 16
VisualStudioVersion = 16.0.30320.27
MinimumVisualStudioVersion = 10.0.40219.1
Project("{9A19103F-16F7-4668-BE54-9A1E7A4F7556}") = "ANDChatApp", "src\and.api\ANDChatApp.csproj", "{B7120068-4AD2-45DB-A475-A731E3E9DF9B}"
EndProject
Global
	GlobalSection(SolutionConfigurationPlatforms) = preSolution
		Debug|Any CPU = Debug|Any CPU
		Release|Any CPU = Release|Any CPU
	EndGlobalSection
	GlobalSection(ProjectConfigurationPlatforms) = postSolution
		{B7120068-4AD2-45DB-A475-A731E3E9DF9B}.Debug|Any CPU.ActiveCfg = Debug|Any CPU
		{B7120068-4AD2-45DB-A475-A731E3E9DF9B}.Debug|Any CPU.Build.0 = Debug|Any CPU
		{B7120068-4AD2-45DB-A475-A731E3E9DF9B}.Release|Any CPU.ActiveCfg = Release|Any CPU
		{B7120068-4AD2-45DB-A475-A731E3E9DF9B}.Release|Any CPU.Build.0 = Release|Any CPU
	EndGlobalSection
	GlobalSection(SolutionProperties) = preSolution
		HideSolutionNode = FALSE
	EndGlobalSection
	GlobalSection(ExtensibilityGlobals) = postSolution
		SolutionGuid = {367F93F8-2D53-4355-819B-2A3D365D0A8C}
	EndGlobalSection
EndGlobal
